
Microsoft Visual Studio Solution File, Format Version 12.00
# Visual Studio Version 17
VisualStudioVersion = 17.7.34221.43
MinimumVisualStudioVersion = 10.0.40219.1
Project("{FAE04EC0-301F-11D3-BF4B-00C04F79EFBC}") = "N822_6122023", "N822_6122023\N822_6122023.csproj", "{43722738-EE39-47BC-9395-C7E82463DE71}"
EndProject
Global
	GlobalSection(SolutionConfigurationPlatforms) = preSolution
		Debug|Any CPU = Debug|Any CPU
		Release|Any CPU = Release|Any CPU
	EndGlobalSection
	GlobalSection(ProjectConfigurationPlatforms) = postSolution
		{43722738-EE39-47BC-9395-C7E82463DE71}.Debug|Any CPU.ActiveCfg = Debug|Any CPU
		{43722738-EE39-47BC-9395-C7E82463DE71}.Debug|Any CPU.Build.0 = Debug|Any CPU
		{43722738-EE39-47BC-9395-C7E82463DE71}.Release|Any CPU.ActiveCfg = Release|Any CPU
		{43722738-EE39-47BC-9395-C7E82463DE71}.Release|Any CPU.Build.0 = Release|Any CPU
	EndGlobalSection
	GlobalSection(SolutionProperties) = preSolution
		HideSolutionNode = FALSE
	EndGlobalSection
	GlobalSection(ExtensibilityGlobals) = postSolution
		SolutionGuid = {7FD730F4-2DC3-45C5-938E-DC2D01C3CD78}
	EndGlobalSection
EndGlobal
