
Microsoft Visual Studio Solution File, Format Version 12.00
# Visual Studio Version 17
VisualStudioVersion = 17.7.34221.43
MinimumVisualStudioVersion = 10.0.40219.1
Project("{FAE04EC0-301F-11D3-BF4B-00C04F79EFBC}") = "formgoiapi", "formgoiapi\formgoiapi.csproj", "{8CE988C2-A2F7-44BC-9D88-798F9B0070B2}"
EndProject
Global
	GlobalSection(SolutionConfigurationPlatforms) = preSolution
		Debug|Any CPU = Debug|Any CPU
		Release|Any CPU = Release|Any CPU
	EndGlobalSection
	GlobalSection(ProjectConfigurationPlatforms) = postSolution
		{8CE988C2-A2F7-44BC-9D88-798F9B0070B2}.Debug|Any CPU.ActiveCfg = Debug|Any CPU
		{8CE988C2-A2F7-44BC-9D88-798F9B0070B2}.Debug|Any CPU.Build.0 = Debug|Any CPU
		{8CE988C2-A2F7-44BC-9D88-798F9B0070B2}.Release|Any CPU.ActiveCfg = Release|Any CPU
		{8CE988C2-A2F7-44BC-9D88-798F9B0070B2}.Release|Any CPU.Build.0 = Release|Any CPU
	EndGlobalSection
	GlobalSection(SolutionProperties) = preSolution
		HideSolutionNode = FALSE
	EndGlobalSection
	GlobalSection(ExtensibilityGlobals) = postSolution
		SolutionGuid = {DDBEF4C4-76BC-41A4-964E-79829481C860}
	EndGlobalSection
EndGlobal
