
Microsoft Visual Studio Solution File, Format Version 12.00
# Visual Studio Version 17
VisualStudioVersion = 17.7.34221.43
MinimumVisualStudioVersion = 10.0.40219.1
Project("{FAE04EC0-301F-11D3-BF4B-00C04F79EFBC}") = "L122122023_formgoiapi", "L122122023_formgoiapi\L122122023_formgoiapi.csproj", "{A3C0475E-7C99-43B7-B313-ADF294DCBB1E}"
EndProject
Global
	GlobalSection(SolutionConfigurationPlatforms) = preSolution
		Debug|Any CPU = Debug|Any CPU
		Release|Any CPU = Release|Any CPU
	EndGlobalSection
	GlobalSection(ProjectConfigurationPlatforms) = postSolution
		{A3C0475E-7C99-43B7-B313-ADF294DCBB1E}.Debug|Any CPU.ActiveCfg = Debug|Any CPU
		{A3C0475E-7C99-43B7-B313-ADF294DCBB1E}.Debug|Any CPU.Build.0 = Debug|Any CPU
		{A3C0475E-7C99-43B7-B313-ADF294DCBB1E}.Release|Any CPU.ActiveCfg = Release|Any CPU
		{A3C0475E-7C99-43B7-B313-ADF294DCBB1E}.Release|Any CPU.Build.0 = Release|Any CPU
	EndGlobalSection
	GlobalSection(SolutionProperties) = preSolution
		HideSolutionNode = FALSE
	EndGlobalSection
	GlobalSection(ExtensibilityGlobals) = postSolution
		SolutionGuid = {2B776D5B-B288-413E-A3EC-D68C0E7F4E8D}
	EndGlobalSection
EndGlobal
