
Microsoft Visual Studio Solution File, Format Version 12.00
# Visual Studio Version 17
VisualStudioVersion = 17.7.34221.43
MinimumVisualStudioVersion = 10.0.40219.1
Project("{FAE04EC0-301F-11D3-BF4B-00C04F79EFBC}") = "L23122023_form", "L23122023_form.csproj", "{8ACD2EF3-3A32-48F0-BF2C-78ED211EA02B}"
EndProject
Global
	GlobalSection(SolutionConfigurationPlatforms) = preSolution
		Debug|Any CPU = Debug|Any CPU
		Release|Any CPU = Release|Any CPU
	EndGlobalSection
	GlobalSection(ProjectConfigurationPlatforms) = postSolution
		{8ACD2EF3-3A32-48F0-BF2C-78ED211EA02B}.Debug|Any CPU.ActiveCfg = Debug|Any CPU
		{8ACD2EF3-3A32-48F0-BF2C-78ED211EA02B}.Debug|Any CPU.Build.0 = Debug|Any CPU
		{8ACD2EF3-3A32-48F0-BF2C-78ED211EA02B}.Release|Any CPU.ActiveCfg = Release|Any CPU
		{8ACD2EF3-3A32-48F0-BF2C-78ED211EA02B}.Release|Any CPU.Build.0 = Release|Any CPU
	EndGlobalSection
	GlobalSection(SolutionProperties) = preSolution
		HideSolutionNode = FALSE
	EndGlobalSection
	GlobalSection(ExtensibilityGlobals) = postSolution
		SolutionGuid = {F612FB2A-077D-4397-99D0-68493C1B4DAC}
	EndGlobalSection
EndGlobal
